
Microsoft Visual Studio Solution File, Format Version 12.00
# Visual Studio Version 17
VisualStudioVersion = 17.10.35013.160
MinimumVisualStudioVersion = 10.0.40219.1
Project("{FAE04EC0-301F-11D3-BF4B-00C04F79EFBC}") = "First Project", "First Project\First Project.csproj", "{CC1034EF-BBBE-46FC-919E-E2C5D35E1B92}"
EndProject
Global
	GlobalSection(SolutionConfigurationPlatforms) = preSolution
		Debug|Any CPU = Debug|Any CPU
		Release|Any CPU = Release|Any CPU
	EndGlobalSection
	GlobalSection(ProjectConfigurationPlatforms) = postSolution
		{CC1034EF-BBBE-46FC-919E-E2C5D35E1B92}.Debug|Any CPU.ActiveCfg = Debug|Any CPU
		{CC1034EF-BBBE-46FC-919E-E2C5D35E1B92}.Debug|Any CPU.Build.0 = Debug|Any CPU
		{CC1034EF-BBBE-46FC-919E-E2C5D35E1B92}.Release|Any CPU.ActiveCfg = Release|Any CPU
		{CC1034EF-BBBE-46FC-919E-E2C5D35E1B92}.Release|Any CPU.Build.0 = Release|Any CPU
	EndGlobalSection
	GlobalSection(SolutionProperties) = preSolution
		HideSolutionNode = FALSE
	EndGlobalSection
	GlobalSection(ExtensibilityGlobals) = postSolution
		SolutionGuid = {D3E69437-5D6D-4B12-AA81-7CD351252A26}
	EndGlobalSection
EndGlobal
